
Microsoft Visual Studio Solution File, Format Version 12.00
# Visual Studio 2012
Project("{FAE04EC0-301F-11D3-BF4B-00C04F79EFBC}") = "Sample02", "Sample02\Sample02.csproj", "{95D73943-2A19-4DD4-A616-A264D6EF5F8C}"
EndProject
Project("{FAE04EC0-301F-11D3-BF4B-00C04F79EFBC}") = "Task4", "Sample03\Task4.csproj", "{4B096486-7457-4911-8280-7BA7A2BB45A0}"
EndProject
Project("{FAE04EC0-301F-11D3-BF4B-00C04F79EFBC}") = "Sample02_DSL", "Sample02_DSL\Sample02_DSL.csproj", "{D02D7899-36C9-42C5-9C90-C303DBC34B5B}"
EndProject
Project("{FAE04EC0-301F-11D3-BF4B-00C04F79EFBC}") = "Sample02_DLR", "Sample02_DLR\Sample02_DLR.csproj", "{412AEB53-161C-4594-A055-ABEBE60A199A}"
EndProject
Project("{FAE04EC0-301F-11D3-BF4B-00C04F79EFBC}") = "Task1", "Task1\Task1.csproj", "{BB9B02C6-05F1-4C13-BB85-EF4D772CC2D8}"
EndProject
Project("{FAE04EC0-301F-11D3-BF4B-00C04F79EFBC}") = "Task2", "Task2\Task2.csproj", "{710BF9EC-A843-42DA-8A02-B983F721B02D}"
EndProject
Project("{FAE04EC0-301F-11D3-BF4B-00C04F79EFBC}") = "Task3", "Task3\Task3.csproj", "{837C7F39-DCBB-4000-9D63-4FE6557D4629}"
EndProject
Global
	GlobalSection(SolutionConfigurationPlatforms) = preSolution
		Debug|Any CPU = Debug|Any CPU
		Release|Any CPU = Release|Any CPU
	EndGlobalSection
	GlobalSection(ProjectConfigurationPlatforms) = postSolution
		{95D73943-2A19-4DD4-A616-A264D6EF5F8C}.Debug|Any CPU.ActiveCfg = Debug|Any CPU
		{95D73943-2A19-4DD4-A616-A264D6EF5F8C}.Debug|Any CPU.Build.0 = Debug|Any CPU
		{95D73943-2A19-4DD4-A616-A264D6EF5F8C}.Release|Any CPU.ActiveCfg = Release|Any CPU
		{95D73943-2A19-4DD4-A616-A264D6EF5F8C}.Release|Any CPU.Build.0 = Release|Any CPU
		{4B096486-7457-4911-8280-7BA7A2BB45A0}.Debug|Any CPU.ActiveCfg = Debug|Any CPU
		{4B096486-7457-4911-8280-7BA7A2BB45A0}.Debug|Any CPU.Build.0 = Debug|Any CPU
		{4B096486-7457-4911-8280-7BA7A2BB45A0}.Release|Any CPU.ActiveCfg = Release|Any CPU
		{4B096486-7457-4911-8280-7BA7A2BB45A0}.Release|Any CPU.Build.0 = Release|Any CPU
		{D02D7899-36C9-42C5-9C90-C303DBC34B5B}.Debug|Any CPU.ActiveCfg = Debug|Any CPU
		{D02D7899-36C9-42C5-9C90-C303DBC34B5B}.Debug|Any CPU.Build.0 = Debug|Any CPU
		{D02D7899-36C9-42C5-9C90-C303DBC34B5B}.Release|Any CPU.ActiveCfg = Release|Any CPU
		{D02D7899-36C9-42C5-9C90-C303DBC34B5B}.Release|Any CPU.Build.0 = Release|Any CPU
		{412AEB53-161C-4594-A055-ABEBE60A199A}.Debug|Any CPU.ActiveCfg = Debug|Any CPU
		{412AEB53-161C-4594-A055-ABEBE60A199A}.Debug|Any CPU.Build.0 = Debug|Any CPU
		{412AEB53-161C-4594-A055-ABEBE60A199A}.Release|Any CPU.ActiveCfg = Release|Any CPU
		{412AEB53-161C-4594-A055-ABEBE60A199A}.Release|Any CPU.Build.0 = Release|Any CPU
		{BB9B02C6-05F1-4C13-BB85-EF4D772CC2D8}.Debug|Any CPU.ActiveCfg = Debug|Any CPU
		{BB9B02C6-05F1-4C13-BB85-EF4D772CC2D8}.Debug|Any CPU.Build.0 = Debug|Any CPU
		{BB9B02C6-05F1-4C13-BB85-EF4D772CC2D8}.Release|Any CPU.ActiveCfg = Release|Any CPU
		{BB9B02C6-05F1-4C13-BB85-EF4D772CC2D8}.Release|Any CPU.Build.0 = Release|Any CPU
		{710BF9EC-A843-42DA-8A02-B983F721B02D}.Debug|Any CPU.ActiveCfg = Debug|Any CPU
		{710BF9EC-A843-42DA-8A02-B983F721B02D}.Debug|Any CPU.Build.0 = Debug|Any CPU
		{710BF9EC-A843-42DA-8A02-B983F721B02D}.Release|Any CPU.ActiveCfg = Release|Any CPU
		{710BF9EC-A843-42DA-8A02-B983F721B02D}.Release|Any CPU.Build.0 = Release|Any CPU
		{837C7F39-DCBB-4000-9D63-4FE6557D4629}.Debug|Any CPU.ActiveCfg = Debug|Any CPU
		{837C7F39-DCBB-4000-9D63-4FE6557D4629}.Debug|Any CPU.Build.0 = Debug|Any CPU
		{837C7F39-DCBB-4000-9D63-4FE6557D4629}.Release|Any CPU.ActiveCfg = Release|Any CPU
		{837C7F39-DCBB-4000-9D63-4FE6557D4629}.Release|Any CPU.Build.0 = Release|Any CPU
	EndGlobalSection
	GlobalSection(SolutionProperties) = preSolution
		HideSolutionNode = FALSE
	EndGlobalSection
EndGlobal
